
Microsoft Visual Studio Solution File, Format Version 12.00
# Visual Studio Version 16
VisualStudioVersion = 16.0.31105.61
MinimumVisualStudioVersion = 10.0.40219.1
Project("{9A19103F-16F7-4668-BE54-9A1E7A4F7556}") = "Task1", "Task1\Task1.csproj", "{85D66B97-F2FF-4EA8-9916-32F0F3E216E0}"
EndProject
Project("{9A19103F-16F7-4668-BE54-9A1E7A4F7556}") = "Task2", "Task2\Task2.csproj", "{C46A3C05-203B-4760-AFFD-109F7EE01116}"
EndProject
Project("{9A19103F-16F7-4668-BE54-9A1E7A4F7556}") = "Task3", "Task3\Task3.csproj", "{84F90EDD-9335-480D-9555-20F48BB7B744}"
EndProject
Project("{9A19103F-16F7-4668-BE54-9A1E7A4F7556}") = "Task4", "Task4\Task4.csproj", "{CD429DE9-99BF-4115-859A-A3B73FF367E3}"
EndProject
Project("{9A19103F-16F7-4668-BE54-9A1E7A4F7556}") = "Task5", "Task5\Task5.csproj", "{D1ECF369-FD89-4234-8444-46211B693CFA}"
EndProject
Project("{9A19103F-16F7-4668-BE54-9A1E7A4F7556}") = "Task6", "Task6\Task6.csproj", "{9E169A60-777E-4877-87AB-E4F3B62E4D15}"
EndProject
Project("{9A19103F-16F7-4668-BE54-9A1E7A4F7556}") = "Task7", "Task7\Task7.csproj", "{A2ACF1A2-04B5-47C1-9EDE-73F2D0BACDCD}"
EndProject
Project("{9A19103F-16F7-4668-BE54-9A1E7A4F7556}") = "Task8", "Task8\Task8.csproj", "{ECC2D38C-53A4-4C08-89E6-FFF08CEACEF8}"
EndProject
Project("{9A19103F-16F7-4668-BE54-9A1E7A4F7556}") = "Task12", "Task11\Task12.csproj", "{69F46992-663D-4EC9-8F34-AF9E4EE0B06F}"
EndProject
Project("{9A19103F-16F7-4668-BE54-9A1E7A4F7556}") = "GuessTheNumberGame", "GuessTheNumberGame\GuessTheNumberGame.csproj", "{697DFDB9-E7C3-4537-9E8A-3969B62FAA79}"
EndProject
Project("{FAE04EC0-301F-11D3-BF4B-00C04F79EFBC}") = "Task11", "Task11\Task11.csproj", "{0D89FDD9-D79E-4938-90D7-FF26B8F206FD}"
EndProject
Global
	GlobalSection(SolutionConfigurationPlatforms) = preSolution
		Debug|Any CPU = Debug|Any CPU
		Release|Any CPU = Release|Any CPU
	EndGlobalSection
	GlobalSection(ProjectConfigurationPlatforms) = postSolution
		{85D66B97-F2FF-4EA8-9916-32F0F3E216E0}.Debug|Any CPU.ActiveCfg = Debug|Any CPU
		{85D66B97-F2FF-4EA8-9916-32F0F3E216E0}.Debug|Any CPU.Build.0 = Debug|Any CPU
		{85D66B97-F2FF-4EA8-9916-32F0F3E216E0}.Release|Any CPU.ActiveCfg = Release|Any CPU
		{85D66B97-F2FF-4EA8-9916-32F0F3E216E0}.Release|Any CPU.Build.0 = Release|Any CPU
		{C46A3C05-203B-4760-AFFD-109F7EE01116}.Debug|Any CPU.ActiveCfg = Debug|Any CPU
		{C46A3C05-203B-4760-AFFD-109F7EE01116}.Debug|Any CPU.Build.0 = Debug|Any CPU
		{C46A3C05-203B-4760-AFFD-109F7EE01116}.Release|Any CPU.ActiveCfg = Release|Any CPU
		{C46A3C05-203B-4760-AFFD-109F7EE01116}.Release|Any CPU.Build.0 = Release|Any CPU
		{84F90EDD-9335-480D-9555-20F48BB7B744}.Debug|Any CPU.ActiveCfg = Debug|Any CPU
		{84F90EDD-9335-480D-9555-20F48BB7B744}.Debug|Any CPU.Build.0 = Debug|Any CPU
		{84F90EDD-9335-480D-9555-20F48BB7B744}.Release|Any CPU.ActiveCfg = Release|Any CPU
		{84F90EDD-9335-480D-9555-20F48BB7B744}.Release|Any CPU.Build.0 = Release|Any CPU
		{CD429DE9-99BF-4115-859A-A3B73FF367E3}.Debug|Any CPU.ActiveCfg = Debug|Any CPU
		{CD429DE9-99BF-4115-859A-A3B73FF367E3}.Debug|Any CPU.Build.0 = Debug|Any CPU
		{CD429DE9-99BF-4115-859A-A3B73FF367E3}.Release|Any CPU.ActiveCfg = Release|Any CPU
		{CD429DE9-99BF-4115-859A-A3B73FF367E3}.Release|Any CPU.Build.0 = Release|Any CPU
		{D1ECF369-FD89-4234-8444-46211B693CFA}.Debug|Any CPU.ActiveCfg = Debug|Any CPU
		{D1ECF369-FD89-4234-8444-46211B693CFA}.Debug|Any CPU.Build.0 = Debug|Any CPU
		{D1ECF369-FD89-4234-8444-46211B693CFA}.Release|Any CPU.ActiveCfg = Release|Any CPU
		{D1ECF369-FD89-4234-8444-46211B693CFA}.Release|Any CPU.Build.0 = Release|Any CPU
		{9E169A60-777E-4877-87AB-E4F3B62E4D15}.Debug|Any CPU.ActiveCfg = Debug|Any CPU
		{9E169A60-777E-4877-87AB-E4F3B62E4D15}.Debug|Any CPU.Build.0 = Debug|Any CPU
		{9E169A60-777E-4877-87AB-E4F3B62E4D15}.Release|Any CPU.ActiveCfg = Release|Any CPU
		{9E169A60-777E-4877-87AB-E4F3B62E4D15}.Release|Any CPU.Build.0 = Release|Any CPU
		{A2ACF1A2-04B5-47C1-9EDE-73F2D0BACDCD}.Debug|Any CPU.ActiveCfg = Debug|Any CPU
		{A2ACF1A2-04B5-47C1-9EDE-73F2D0BACDCD}.Debug|Any CPU.Build.0 = Debug|Any CPU
		{A2ACF1A2-04B5-47C1-9EDE-73F2D0BACDCD}.Release|Any CPU.ActiveCfg = Release|Any CPU
		{A2ACF1A2-04B5-47C1-9EDE-73F2D0BACDCD}.Release|Any CPU.Build.0 = Release|Any CPU
		{ECC2D38C-53A4-4C08-89E6-FFF08CEACEF8}.Debug|Any CPU.ActiveCfg = Debug|Any CPU
		{ECC2D38C-53A4-4C08-89E6-FFF08CEACEF8}.Debug|Any CPU.Build.0 = Debug|Any CPU
		{ECC2D38C-53A4-4C08-89E6-FFF08CEACEF8}.Release|Any CPU.ActiveCfg = Release|Any CPU
		{ECC2D38C-53A4-4C08-89E6-FFF08CEACEF8}.Release|Any CPU.Build.0 = Release|Any CPU
		{69F46992-663D-4EC9-8F34-AF9E4EE0B06F}.Debug|Any CPU.ActiveCfg = Debug|Any CPU
		{69F46992-663D-4EC9-8F34-AF9E4EE0B06F}.Debug|Any CPU.Build.0 = Debug|Any CPU
		{69F46992-663D-4EC9-8F34-AF9E4EE0B06F}.Release|Any CPU.ActiveCfg = Release|Any CPU
		{69F46992-663D-4EC9-8F34-AF9E4EE0B06F}.Release|Any CPU.Build.0 = Release|Any CPU
		{697DFDB9-E7C3-4537-9E8A-3969B62FAA79}.Debug|Any CPU.ActiveCfg = Debug|Any CPU
		{697DFDB9-E7C3-4537-9E8A-3969B62FAA79}.Debug|Any CPU.Build.0 = Debug|Any CPU
		{697DFDB9-E7C3-4537-9E8A-3969B62FAA79}.Release|Any CPU.ActiveCfg = Release|Any CPU
		{697DFDB9-E7C3-4537-9E8A-3969B62FAA79}.Release|Any CPU.Build.0 = Release|Any CPU
		{0D89FDD9-D79E-4938-90D7-FF26B8F206FD}.Debug|Any CPU.ActiveCfg = Debug|Any CPU
		{0D89FDD9-D79E-4938-90D7-FF26B8F206FD}.Debug|Any CPU.Build.0 = Debug|Any CPU
		{0D89FDD9-D79E-4938-90D7-FF26B8F206FD}.Release|Any CPU.ActiveCfg = Release|Any CPU
		{0D89FDD9-D79E-4938-90D7-FF26B8F206FD}.Release|Any CPU.Build.0 = Release|Any CPU
	EndGlobalSection
	GlobalSection(SolutionProperties) = preSolution
		HideSolutionNode = FALSE
	EndGlobalSection
	GlobalSection(ExtensibilityGlobals) = postSolution
		SolutionGuid = {48F9F7BA-69CE-4D1F-AF75-763E6C35DBA8}
	EndGlobalSection
EndGlobal
