
Microsoft Visual Studio Solution File, Format Version 12.00
# Visual Studio Version 16
VisualStudioVersion = 16.0.31105.61
MinimumVisualStudioVersion = 10.0.40219.1
Project("{FAE04EC0-301F-11D3-BF4B-00C04F79EFBC}") = "Exercise01ConsoleApp", "Exercise01ConsoleApp\Exercise01ConsoleApp.csproj", "{279F08E3-62E2-45F5-A567-498439AEEDCB}"
EndProject
Global
	GlobalSection(SolutionConfigurationPlatforms) = preSolution
		Debug|Any CPU = Debug|Any CPU
		Release|Any CPU = Release|Any CPU
	EndGlobalSection
	GlobalSection(ProjectConfigurationPlatforms) = postSolution
		{279F08E3-62E2-45F5-A567-498439AEEDCB}.Debug|Any CPU.ActiveCfg = Debug|Any CPU
		{279F08E3-62E2-45F5-A567-498439AEEDCB}.Debug|Any CPU.Build.0 = Debug|Any CPU
		{279F08E3-62E2-45F5-A567-498439AEEDCB}.Release|Any CPU.ActiveCfg = Release|Any CPU
		{279F08E3-62E2-45F5-A567-498439AEEDCB}.Release|Any CPU.Build.0 = Release|Any CPU
	EndGlobalSection
	GlobalSection(SolutionProperties) = preSolution
		HideSolutionNode = FALSE
	EndGlobalSection
	GlobalSection(ExtensibilityGlobals) = postSolution
		SolutionGuid = {17CE740D-3B55-4178-AF9C-EDFFF46ED41E}
	EndGlobalSection
EndGlobal
