
Microsoft Visual Studio Solution File, Format Version 12.00
# Visual Studio Version 16
VisualStudioVersion = 16.0.31105.61
MinimumVisualStudioVersion = 10.0.40219.1
Project("{9A19103F-16F7-4668-BE54-9A1E7A4F7556}") = "Task5", "Task5\Task5.csproj", "{45AFFE35-AD43-4383-9ADD-0682C55099B4}"
EndProject
Project("{9A19103F-16F7-4668-BE54-9A1E7A4F7556}") = "Task6", "Task6\Task6.csproj", "{7BC14C14-3215-4DAB-9731-79AB45E5A789}"
EndProject
Project("{9A19103F-16F7-4668-BE54-9A1E7A4F7556}") = "Task7", "Task7\Task7.csproj", "{D04FDA45-4E34-4D7E-8034-3B0F0EBEB078}"
EndProject
Project("{9A19103F-16F7-4668-BE54-9A1E7A4F7556}") = "Task8", "Task8\Task8.csproj", "{FE11FF36-276E-4A9A-96E6-4CCC06C3FFF4}"
EndProject
Project("{9A19103F-16F7-4668-BE54-9A1E7A4F7556}") = "Task9", "Task9\Task9.csproj", "{BB6580F6-1C69-4B9E-AFDE-DA78E54C2216}"
EndProject
Project("{9A19103F-16F7-4668-BE54-9A1E7A4F7556}") = "Task10", "Task10\Task10.csproj", "{2CA5E7F1-FE14-49E7-9596-1F4DD06E09B2}"
EndProject
Project("{FAE04EC0-301F-11D3-BF4B-00C04F79EFBC}") = "Task11", "Task11\Task11.csproj", "{EC600FE0-FBDC-4F46-906A-BA0FEDA8DA44}"
EndProject
Project("{FAE04EC0-301F-11D3-BF4B-00C04F79EFBC}") = "Task12", "Task12\Task12.csproj", "{91F8910A-9082-4D38-8648-E1F46634AA81}"
EndProject
Project("{FAE04EC0-301F-11D3-BF4B-00C04F79EFBC}") = "Bonus.Task0", "Bonus.Task0\Bonus.Task0.csproj", "{63FCB46D-1119-4870-A478-2E64276782D8}"
EndProject
Project("{FAE04EC0-301F-11D3-BF4B-00C04F79EFBC}") = "Task0", "Task0\Task0.csproj", "{28E705BB-876A-4E58-93DF-3C3466FCC814}"
EndProject
Project("{FAE04EC0-301F-11D3-BF4B-00C04F79EFBC}") = "Task1", "Task1\Task1.csproj", "{45A7FEA9-B08C-4F9B-9A09-8FF80BDEAB44}"
EndProject
Project("{FAE04EC0-301F-11D3-BF4B-00C04F79EFBC}") = "Task2", "Task2\Task2.csproj", "{33A6F687-62D1-43BB-84F0-B9E396AAC0FE}"
EndProject
Project("{FAE04EC0-301F-11D3-BF4B-00C04F79EFBC}") = "Task3", "Task3\Task3.csproj", "{2378B1B7-B6AD-494C-B12D-FFF1C04B1F44}"
EndProject
Project("{FAE04EC0-301F-11D3-BF4B-00C04F79EFBC}") = "Task4", "Task4\Task4.csproj", "{1C92FB4A-5F51-441E-945D-64F9262A0BD4}"
EndProject
Global
	GlobalSection(SolutionConfigurationPlatforms) = preSolution
		Debug|Any CPU = Debug|Any CPU
		Release|Any CPU = Release|Any CPU
	EndGlobalSection
	GlobalSection(ProjectConfigurationPlatforms) = postSolution
		{45AFFE35-AD43-4383-9ADD-0682C55099B4}.Debug|Any CPU.ActiveCfg = Debug|Any CPU
		{45AFFE35-AD43-4383-9ADD-0682C55099B4}.Debug|Any CPU.Build.0 = Debug|Any CPU
		{45AFFE35-AD43-4383-9ADD-0682C55099B4}.Release|Any CPU.ActiveCfg = Release|Any CPU
		{45AFFE35-AD43-4383-9ADD-0682C55099B4}.Release|Any CPU.Build.0 = Release|Any CPU
		{7BC14C14-3215-4DAB-9731-79AB45E5A789}.Debug|Any CPU.ActiveCfg = Debug|Any CPU
		{7BC14C14-3215-4DAB-9731-79AB45E5A789}.Debug|Any CPU.Build.0 = Debug|Any CPU
		{7BC14C14-3215-4DAB-9731-79AB45E5A789}.Release|Any CPU.ActiveCfg = Release|Any CPU
		{7BC14C14-3215-4DAB-9731-79AB45E5A789}.Release|Any CPU.Build.0 = Release|Any CPU
		{D04FDA45-4E34-4D7E-8034-3B0F0EBEB078}.Debug|Any CPU.ActiveCfg = Debug|Any CPU
		{D04FDA45-4E34-4D7E-8034-3B0F0EBEB078}.Debug|Any CPU.Build.0 = Debug|Any CPU
		{D04FDA45-4E34-4D7E-8034-3B0F0EBEB078}.Release|Any CPU.ActiveCfg = Release|Any CPU
		{D04FDA45-4E34-4D7E-8034-3B0F0EBEB078}.Release|Any CPU.Build.0 = Release|Any CPU
		{FE11FF36-276E-4A9A-96E6-4CCC06C3FFF4}.Debug|Any CPU.ActiveCfg = Debug|Any CPU
		{FE11FF36-276E-4A9A-96E6-4CCC06C3FFF4}.Debug|Any CPU.Build.0 = Debug|Any CPU
		{FE11FF36-276E-4A9A-96E6-4CCC06C3FFF4}.Release|Any CPU.ActiveCfg = Release|Any CPU
		{FE11FF36-276E-4A9A-96E6-4CCC06C3FFF4}.Release|Any CPU.Build.0 = Release|Any CPU
		{BB6580F6-1C69-4B9E-AFDE-DA78E54C2216}.Debug|Any CPU.ActiveCfg = Debug|Any CPU
		{BB6580F6-1C69-4B9E-AFDE-DA78E54C2216}.Debug|Any CPU.Build.0 = Debug|Any CPU
		{BB6580F6-1C69-4B9E-AFDE-DA78E54C2216}.Release|Any CPU.ActiveCfg = Release|Any CPU
		{BB6580F6-1C69-4B9E-AFDE-DA78E54C2216}.Release|Any CPU.Build.0 = Release|Any CPU
		{2CA5E7F1-FE14-49E7-9596-1F4DD06E09B2}.Debug|Any CPU.ActiveCfg = Debug|Any CPU
		{2CA5E7F1-FE14-49E7-9596-1F4DD06E09B2}.Debug|Any CPU.Build.0 = Debug|Any CPU
		{2CA5E7F1-FE14-49E7-9596-1F4DD06E09B2}.Release|Any CPU.ActiveCfg = Release|Any CPU
		{2CA5E7F1-FE14-49E7-9596-1F4DD06E09B2}.Release|Any CPU.Build.0 = Release|Any CPU
		{EC600FE0-FBDC-4F46-906A-BA0FEDA8DA44}.Debug|Any CPU.ActiveCfg = Debug|Any CPU
		{EC600FE0-FBDC-4F46-906A-BA0FEDA8DA44}.Debug|Any CPU.Build.0 = Debug|Any CPU
		{EC600FE0-FBDC-4F46-906A-BA0FEDA8DA44}.Release|Any CPU.ActiveCfg = Release|Any CPU
		{EC600FE0-FBDC-4F46-906A-BA0FEDA8DA44}.Release|Any CPU.Build.0 = Release|Any CPU
		{91F8910A-9082-4D38-8648-E1F46634AA81}.Debug|Any CPU.ActiveCfg = Debug|Any CPU
		{91F8910A-9082-4D38-8648-E1F46634AA81}.Debug|Any CPU.Build.0 = Debug|Any CPU
		{91F8910A-9082-4D38-8648-E1F46634AA81}.Release|Any CPU.ActiveCfg = Release|Any CPU
		{91F8910A-9082-4D38-8648-E1F46634AA81}.Release|Any CPU.Build.0 = Release|Any CPU
		{63FCB46D-1119-4870-A478-2E64276782D8}.Debug|Any CPU.ActiveCfg = Debug|Any CPU
		{63FCB46D-1119-4870-A478-2E64276782D8}.Debug|Any CPU.Build.0 = Debug|Any CPU
		{63FCB46D-1119-4870-A478-2E64276782D8}.Release|Any CPU.ActiveCfg = Release|Any CPU
		{63FCB46D-1119-4870-A478-2E64276782D8}.Release|Any CPU.Build.0 = Release|Any CPU
		{28E705BB-876A-4E58-93DF-3C3466FCC814}.Debug|Any CPU.ActiveCfg = Debug|Any CPU
		{28E705BB-876A-4E58-93DF-3C3466FCC814}.Debug|Any CPU.Build.0 = Debug|Any CPU
		{28E705BB-876A-4E58-93DF-3C3466FCC814}.Release|Any CPU.ActiveCfg = Release|Any CPU
		{28E705BB-876A-4E58-93DF-3C3466FCC814}.Release|Any CPU.Build.0 = Release|Any CPU
		{45A7FEA9-B08C-4F9B-9A09-8FF80BDEAB44}.Debug|Any CPU.ActiveCfg = Debug|Any CPU
		{45A7FEA9-B08C-4F9B-9A09-8FF80BDEAB44}.Debug|Any CPU.Build.0 = Debug|Any CPU
		{45A7FEA9-B08C-4F9B-9A09-8FF80BDEAB44}.Release|Any CPU.ActiveCfg = Release|Any CPU
		{45A7FEA9-B08C-4F9B-9A09-8FF80BDEAB44}.Release|Any CPU.Build.0 = Release|Any CPU
		{33A6F687-62D1-43BB-84F0-B9E396AAC0FE}.Debug|Any CPU.ActiveCfg = Debug|Any CPU
		{33A6F687-62D1-43BB-84F0-B9E396AAC0FE}.Debug|Any CPU.Build.0 = Debug|Any CPU
		{33A6F687-62D1-43BB-84F0-B9E396AAC0FE}.Release|Any CPU.ActiveCfg = Release|Any CPU
		{33A6F687-62D1-43BB-84F0-B9E396AAC0FE}.Release|Any CPU.Build.0 = Release|Any CPU
		{2378B1B7-B6AD-494C-B12D-FFF1C04B1F44}.Debug|Any CPU.ActiveCfg = Debug|Any CPU
		{2378B1B7-B6AD-494C-B12D-FFF1C04B1F44}.Debug|Any CPU.Build.0 = Debug|Any CPU
		{2378B1B7-B6AD-494C-B12D-FFF1C04B1F44}.Release|Any CPU.ActiveCfg = Release|Any CPU
		{2378B1B7-B6AD-494C-B12D-FFF1C04B1F44}.Release|Any CPU.Build.0 = Release|Any CPU
		{1C92FB4A-5F51-441E-945D-64F9262A0BD4}.Debug|Any CPU.ActiveCfg = Debug|Any CPU
		{1C92FB4A-5F51-441E-945D-64F9262A0BD4}.Debug|Any CPU.Build.0 = Debug|Any CPU
		{1C92FB4A-5F51-441E-945D-64F9262A0BD4}.Release|Any CPU.ActiveCfg = Release|Any CPU
		{1C92FB4A-5F51-441E-945D-64F9262A0BD4}.Release|Any CPU.Build.0 = Release|Any CPU
	EndGlobalSection
	GlobalSection(SolutionProperties) = preSolution
		HideSolutionNode = FALSE
	EndGlobalSection
	GlobalSection(ExtensibilityGlobals) = postSolution
		SolutionGuid = {499EF3CB-5CFE-414F-932B-9C6BD4072DCF}
	EndGlobalSection
EndGlobal
