
Microsoft Visual Studio Solution File, Format Version 12.00
# Visual Studio Version 16
VisualStudioVersion = 16.0.31105.61
MinimumVisualStudioVersion = 10.0.40219.1
Project("{FAE04EC0-301F-11D3-BF4B-00C04F79EFBC}") = "Task1", "Task1\Task1.csproj", "{010142BB-56E5-4155-B37D-B22E2F8DF1E6}"
EndProject
Project("{FAE04EC0-301F-11D3-BF4B-00C04F79EFBC}") = "Task2", "Task2\Task2.csproj", "{9AC03F1C-8C14-40C2-866B-4C9FA5E2EB2E}"
EndProject
Global
	GlobalSection(SolutionConfigurationPlatforms) = preSolution
		Debug|Any CPU = Debug|Any CPU
		Release|Any CPU = Release|Any CPU
	EndGlobalSection
	GlobalSection(ProjectConfigurationPlatforms) = postSolution
		{010142BB-56E5-4155-B37D-B22E2F8DF1E6}.Debug|Any CPU.ActiveCfg = Debug|Any CPU
		{010142BB-56E5-4155-B37D-B22E2F8DF1E6}.Debug|Any CPU.Build.0 = Debug|Any CPU
		{010142BB-56E5-4155-B37D-B22E2F8DF1E6}.Release|Any CPU.ActiveCfg = Release|Any CPU
		{010142BB-56E5-4155-B37D-B22E2F8DF1E6}.Release|Any CPU.Build.0 = Release|Any CPU
		{9AC03F1C-8C14-40C2-866B-4C9FA5E2EB2E}.Debug|Any CPU.ActiveCfg = Debug|Any CPU
		{9AC03F1C-8C14-40C2-866B-4C9FA5E2EB2E}.Debug|Any CPU.Build.0 = Debug|Any CPU
		{9AC03F1C-8C14-40C2-866B-4C9FA5E2EB2E}.Release|Any CPU.ActiveCfg = Release|Any CPU
		{9AC03F1C-8C14-40C2-866B-4C9FA5E2EB2E}.Release|Any CPU.Build.0 = Release|Any CPU
	EndGlobalSection
	GlobalSection(SolutionProperties) = preSolution
		HideSolutionNode = FALSE
	EndGlobalSection
	GlobalSection(ExtensibilityGlobals) = postSolution
		SolutionGuid = {9C842106-E2AA-4970-B15E-15F1CB955722}
	EndGlobalSection
EndGlobal
