
Microsoft Visual Studio Solution File, Format Version 12.00
# Visual Studio Version 16
VisualStudioVersion = 16.0.31105.61
MinimumVisualStudioVersion = 10.0.40219.1
Project("{FAE04EC0-301F-11D3-BF4B-00C04F79EFBC}") = "SumOfEven", "SumOfEven\SumOfEven.csproj", "{821E7FCD-649B-4F7F-871F-BB5DB5500E1E}"
EndProject
Project("{FAE04EC0-301F-11D3-BF4B-00C04F79EFBC}") = "StudentGroup", "StudentGroup\StudentGroup.csproj", "{F09AF5F4-2701-4781-AC5A-4FAA0E062C66}"
EndProject
Global
	GlobalSection(SolutionConfigurationPlatforms) = preSolution
		Debug|Any CPU = Debug|Any CPU
		Release|Any CPU = Release|Any CPU
	EndGlobalSection
	GlobalSection(ProjectConfigurationPlatforms) = postSolution
		{821E7FCD-649B-4F7F-871F-BB5DB5500E1E}.Debug|Any CPU.ActiveCfg = Debug|Any CPU
		{821E7FCD-649B-4F7F-871F-BB5DB5500E1E}.Debug|Any CPU.Build.0 = Debug|Any CPU
		{821E7FCD-649B-4F7F-871F-BB5DB5500E1E}.Release|Any CPU.ActiveCfg = Release|Any CPU
		{821E7FCD-649B-4F7F-871F-BB5DB5500E1E}.Release|Any CPU.Build.0 = Release|Any CPU
		{F09AF5F4-2701-4781-AC5A-4FAA0E062C66}.Debug|Any CPU.ActiveCfg = Debug|Any CPU
		{F09AF5F4-2701-4781-AC5A-4FAA0E062C66}.Debug|Any CPU.Build.0 = Debug|Any CPU
		{F09AF5F4-2701-4781-AC5A-4FAA0E062C66}.Release|Any CPU.ActiveCfg = Release|Any CPU
		{F09AF5F4-2701-4781-AC5A-4FAA0E062C66}.Release|Any CPU.Build.0 = Release|Any CPU
	EndGlobalSection
	GlobalSection(SolutionProperties) = preSolution
		HideSolutionNode = FALSE
	EndGlobalSection
	GlobalSection(ExtensibilityGlobals) = postSolution
		SolutionGuid = {617A11A9-204F-416D-9F9D-1EE2141DF922}
	EndGlobalSection
EndGlobal
